
Microsoft Visual Studio Solution File, Format Version 12.00
# Visual Studio Version 17
VisualStudioVersion = 17.0.31612.314
MinimumVisualStudioVersion = 10.0.40219.1
Project("{FAE04EC0-301F-11D3-BF4B-00C04F79EFBC}") = "Arrows", "Arrows\Arrows.csproj", "{163E7861-0D45-461D-8012-BBCDD84692A0}"
EndProject
Global
	GlobalSection(SolutionConfigurationPlatforms) = preSolution
		Debug|Any CPU = Debug|Any CPU
		Release|Any CPU = Release|Any CPU
	EndGlobalSection
	GlobalSection(ProjectConfigurationPlatforms) = postSolution
		{163E7861-0D45-461D-8012-BBCDD84692A0}.Debug|Any CPU.ActiveCfg = Debug|Any CPU
		{163E7861-0D45-461D-8012-BBCDD84692A0}.Debug|Any CPU.Build.0 = Debug|Any CPU
		{163E7861-0D45-461D-8012-BBCDD84692A0}.Release|Any CPU.ActiveCfg = Release|Any CPU
		{163E7861-0D45-461D-8012-BBCDD84692A0}.Release|Any CPU.Build.0 = Release|Any CPU
	EndGlobalSection
	GlobalSection(SolutionProperties) = preSolution
		HideSolutionNode = FALSE
	EndGlobalSection
	GlobalSection(ExtensibilityGlobals) = postSolution
		SolutionGuid = {6281243F-1D4E-44BA-8BAF-7E8DE5CED154}
	EndGlobalSection
EndGlobal
